
Microsoft Visual Studio Solution File, Format Version 12.00
# Visual Studio Version 17
VisualStudioVersion = 17.14.36203.30 d17.14
MinimumVisualStudioVersion = 10.0.40219.1
Project("{FAE04EC0-301F-11D3-BF4B-00C04F79EFBC}") = "GestorVehiculos", "GestorVehiculos.csproj", "{C8B2224B-25F1-4BB7-A5E0-0FD810132ED4}"
EndProject
Global
	GlobalSection(SolutionConfigurationPlatforms) = preSolution
		Debug|Any CPU = Debug|Any CPU
		Release|Any CPU = Release|Any CPU
	EndGlobalSection
	GlobalSection(ProjectConfigurationPlatforms) = postSolution
		{C8B2224B-25F1-4BB7-A5E0-0FD810132ED4}.Debug|Any CPU.ActiveCfg = Debug|Any CPU
		{C8B2224B-25F1-4BB7-A5E0-0FD810132ED4}.Debug|Any CPU.Build.0 = Debug|Any CPU
		{C8B2224B-25F1-4BB7-A5E0-0FD810132ED4}.Release|Any CPU.ActiveCfg = Release|Any CPU
		{C8B2224B-25F1-4BB7-A5E0-0FD810132ED4}.Release|Any CPU.Build.0 = Release|Any CPU
	EndGlobalSection
	GlobalSection(SolutionProperties) = preSolution
		HideSolutionNode = FALSE
	EndGlobalSection
	GlobalSection(ExtensibilityGlobals) = postSolution
		SolutionGuid = {7506F0CF-E62C-4A29-A0CB-72DF13D781E8}
	EndGlobalSection
EndGlobal
